
Microsoft Visual Studio Solution File, Format Version 12.00
# Visual Studio 15
VisualStudioVersion = 15.0.28010.2003
MinimumVisualStudioVersion = 10.0.40219.1
Project("{FAE04EC0-301F-11D3-BF4B-00C04F79EFBC}") = "ConsoleApp1", "ConsoleApp1\ConsoleApp1.csproj", "{5748BFC4-2A21-4A36-8F14-367FB0E51FA6}"
EndProject
Project("{FAE04EC0-301F-11D3-BF4B-00C04F79EFBC}") = "UnitTestProject1", "UnitTestProject1\UnitTestProject1.csproj", "{90CC6DF3-23F3-4C49-977C-E62CC78BE31E}"
EndProject
Global
	GlobalSection(SolutionConfigurationPlatforms) = preSolution
		Debug|Any CPU = Debug|Any CPU
		Release|Any CPU = Release|Any CPU
	EndGlobalSection
	GlobalSection(ProjectConfigurationPlatforms) = postSolution
		{5748BFC4-2A21-4A36-8F14-367FB0E51FA6}.Debug|Any CPU.ActiveCfg = Debug|Any CPU
		{5748BFC4-2A21-4A36-8F14-367FB0E51FA6}.Debug|Any CPU.Build.0 = Debug|Any CPU
		{5748BFC4-2A21-4A36-8F14-367FB0E51FA6}.Release|Any CPU.ActiveCfg = Release|Any CPU
		{5748BFC4-2A21-4A36-8F14-367FB0E51FA6}.Release|Any CPU.Build.0 = Release|Any CPU
		{90CC6DF3-23F3-4C49-977C-E62CC78BE31E}.Debug|Any CPU.ActiveCfg = Debug|Any CPU
		{90CC6DF3-23F3-4C49-977C-E62CC78BE31E}.Debug|Any CPU.Build.0 = Debug|Any CPU
		{90CC6DF3-23F3-4C49-977C-E62CC78BE31E}.Release|Any CPU.ActiveCfg = Release|Any CPU
		{90CC6DF3-23F3-4C49-977C-E62CC78BE31E}.Release|Any CPU.Build.0 = Release|Any CPU
	EndGlobalSection
	GlobalSection(SolutionProperties) = preSolution
		HideSolutionNode = FALSE
	EndGlobalSection
	GlobalSection(ExtensibilityGlobals) = postSolution
		SolutionGuid = {DE5A34D6-A907-49AB-BA39-2F79E2756C1F}
	EndGlobalSection
EndGlobal
